
Microsoft Visual Studio Solution File, Format Version 12.00
# Visual Studio Version 16
VisualStudioVersion = 16.0.28803.452
MinimumVisualStudioVersion = 10.0.40219.1
Project("{FAE04EC0-301F-11D3-BF4B-00C04F79EFBC}") = "AndroidUITesting", "AndroidUITesting\AndroidUITesting.csproj", "{14AEB1C4-1240-477C-AF03-7353547CF60E}"
EndProject
Project("{2150E333-8FDC-42A3-9474-1A3956D46DE8}") = "Solution Items", "Solution Items", "{21BBC9F9-7862-4D96-90E8-39779AF05180}"
EndProject
Global
	GlobalSection(SolutionConfigurationPlatforms) = preSolution
		A5|Any CPU = A5|Any CPU
		A5|x86 = A5|x86
		Debug|Any CPU = Debug|Any CPU
		Debug|x86 = Debug|x86
		GalaxyNote8|Any CPU = GalaxyNote8|Any CPU
		GalaxyNote8|x86 = GalaxyNote8|x86
		GalaxyS8Plus|Any CPU = GalaxyS8Plus|Any CPU
		GalaxyS8Plus|x86 = GalaxyS8Plus|x86
		GalaxyS9|Any CPU = GalaxyS9|Any CPU
		GalaxyS9|x86 = GalaxyS9|x86
		Lenny2|Any CPU = Lenny2|Any CPU
		Lenny2|x86 = Lenny2|x86
		P10Lite|Any CPU = P10Lite|Any CPU
		P10Lite|x86 = P10Lite|x86
		Release|Any CPU = Release|Any CPU
		Release|x86 = Release|x86
	EndGlobalSection
	GlobalSection(ProjectConfigurationPlatforms) = postSolution
		{14AEB1C4-1240-477C-AF03-7353547CF60E}.A5|Any CPU.ActiveCfg = A5|Any CPU
		{14AEB1C4-1240-477C-AF03-7353547CF60E}.A5|Any CPU.Build.0 = A5|Any CPU
		{14AEB1C4-1240-477C-AF03-7353547CF60E}.A5|x86.ActiveCfg = A5|x86
		{14AEB1C4-1240-477C-AF03-7353547CF60E}.A5|x86.Build.0 = A5|x86
		{14AEB1C4-1240-477C-AF03-7353547CF60E}.Debug|Any CPU.ActiveCfg = Debug|Any CPU
		{14AEB1C4-1240-477C-AF03-7353547CF60E}.Debug|Any CPU.Build.0 = Debug|Any CPU
		{14AEB1C4-1240-477C-AF03-7353547CF60E}.Debug|x86.ActiveCfg = Debug|x86
		{14AEB1C4-1240-477C-AF03-7353547CF60E}.Debug|x86.Build.0 = Debug|x86
		{14AEB1C4-1240-477C-AF03-7353547CF60E}.GalaxyNote8|Any CPU.ActiveCfg = GalaxyNote8|Any CPU
		{14AEB1C4-1240-477C-AF03-7353547CF60E}.GalaxyNote8|Any CPU.Build.0 = GalaxyNote8|Any CPU
		{14AEB1C4-1240-477C-AF03-7353547CF60E}.GalaxyNote8|x86.ActiveCfg = GalaxyNote8|x86
		{14AEB1C4-1240-477C-AF03-7353547CF60E}.GalaxyNote8|x86.Build.0 = GalaxyNote8|x86
		{14AEB1C4-1240-477C-AF03-7353547CF60E}.GalaxyS8Plus|Any CPU.ActiveCfg = GalaxyS8Plus|Any CPU
		{14AEB1C4-1240-477C-AF03-7353547CF60E}.GalaxyS8Plus|Any CPU.Build.0 = GalaxyS8Plus|Any CPU
		{14AEB1C4-1240-477C-AF03-7353547CF60E}.GalaxyS8Plus|x86.ActiveCfg = GalaxyS8Plus|x86
		{14AEB1C4-1240-477C-AF03-7353547CF60E}.GalaxyS8Plus|x86.Build.0 = GalaxyS8Plus|x86
		{14AEB1C4-1240-477C-AF03-7353547CF60E}.GalaxyS9|Any CPU.ActiveCfg = GalaxyS9|Any CPU
		{14AEB1C4-1240-477C-AF03-7353547CF60E}.GalaxyS9|Any CPU.Build.0 = GalaxyS9|Any CPU
		{14AEB1C4-1240-477C-AF03-7353547CF60E}.GalaxyS9|x86.ActiveCfg = GalaxyS9|x86
		{14AEB1C4-1240-477C-AF03-7353547CF60E}.GalaxyS9|x86.Build.0 = GalaxyS9|x86
		{14AEB1C4-1240-477C-AF03-7353547CF60E}.Lenny2|Any CPU.ActiveCfg = Lenny2|Any CPU
		{14AEB1C4-1240-477C-AF03-7353547CF60E}.Lenny2|Any CPU.Build.0 = Lenny2|Any CPU
		{14AEB1C4-1240-477C-AF03-7353547CF60E}.Lenny2|x86.ActiveCfg = Lenny2|x86
		{14AEB1C4-1240-477C-AF03-7353547CF60E}.Lenny2|x86.Build.0 = Lenny2|x86
		{14AEB1C4-1240-477C-AF03-7353547CF60E}.P10Lite|Any CPU.ActiveCfg = P10Lite|Any CPU
		{14AEB1C4-1240-477C-AF03-7353547CF60E}.P10Lite|Any CPU.Build.0 = P10Lite|Any CPU
		{14AEB1C4-1240-477C-AF03-7353547CF60E}.P10Lite|x86.ActiveCfg = P10Lite|x86
		{14AEB1C4-1240-477C-AF03-7353547CF60E}.P10Lite|x86.Build.0 = P10Lite|x86
		{14AEB1C4-1240-477C-AF03-7353547CF60E}.Release|Any CPU.ActiveCfg = Release|Any CPU
		{14AEB1C4-1240-477C-AF03-7353547CF60E}.Release|Any CPU.Build.0 = Release|Any CPU
		{14AEB1C4-1240-477C-AF03-7353547CF60E}.Release|x86.ActiveCfg = Debug|x86
		{14AEB1C4-1240-477C-AF03-7353547CF60E}.Release|x86.Build.0 = Debug|x86
	EndGlobalSection
	GlobalSection(SolutionProperties) = preSolution
		HideSolutionNode = FALSE
	EndGlobalSection
	GlobalSection(ExtensibilityGlobals) = postSolution
		SolutionGuid = {D64A86C4-A75E-4934-A421-8FB839007F2F}
	EndGlobalSection
EndGlobal
